// !$*UTF8*$!
{
	archiveVersion = 1;
	classes = {
	};
	objectVersion = 56;
	objects = {

/* Begin PBXBuildFile section */
		CE43796F2C49A86700C3A835 /* SwiftulSwiftUIPracticeApp.swift in Sources */ = {isa = PBXBuildFile; fileRef = CE43796E2C49A86700C3A835 /* SwiftulSwiftUIPracticeApp.swift */; };
		CE4379712C49A86700C3A835 /* ContentView.swift in Sources */ = {isa = PBXBuildFile; fileRef = CE4379702C49A86700C3A835 /* ContentView.swift */; };
		CE4379732C49A86800C3A835 /* Assets.xcassets in Resources */ = {isa = PBXBuildFile; fileRef = CE4379722C49A86800C3A835 /* Assets.xcassets */; };
		CE4379762C49A86800C3A835 /* Preview Assets.xcassets in Resources */ = {isa = PBXBuildFile; fileRef = CE4379752C49A86800C3A835 /* Preview Assets.xcassets */; };
		CE43797E2C49A95900C3A835 /* SDWebImageSwiftUI in Frameworks */ = {isa = PBXBuildFile; productRef = CE43797D2C49A95900C3A835 /* SDWebImageSwiftUI */; };
		CE4379812C49A98D00C3A835 /* ImageLoaderView.swift in Sources */ = {isa = PBXBuildFile; fileRef = CE4379802C49A98D00C3A835 /* ImageLoaderView.swift */; };
		CE4379852C49AA7B00C3A835 /* Constans.swift in Sources */ = {isa = PBXBuildFile; fileRef = CE4379842C49AA7B00C3A835 /* Constans.swift */; };
		CE4379872C49AC6700C3A835 /* DataBaseHelper.swift in Sources */ = {isa = PBXBuildFile; fileRef = CE4379862C49AC6700C3A835 /* DataBaseHelper.swift */; };
		CEB3170B2C4D184F001E1471 /* Product.swift in Sources */ = {isa = PBXBuildFile; fileRef = CEB3170A2C4D184F001E1471 /* Product.swift */; };
		CEB3170D2C4D186E001E1471 /* User.swift in Sources */ = {isa = PBXBuildFile; fileRef = CEB3170C2C4D186E001E1471 /* User.swift */; };
		CEB317102C4D1CAA001E1471 /* SwiftfulUI in Frameworks */ = {isa = PBXBuildFile; productRef = CEB3170F2C4D1CAA001E1471 /* SwiftfulUI */; };
		CEB317132C4D1CEB001E1471 /* SwiftfulRouting in Frameworks */ = {isa = PBXBuildFile; productRef = CEB317122C4D1CEB001E1471 /* SwiftfulRouting */; };
/* End PBXBuildFile section */

/* Begin PBXFileReference section */
		CE43796B2C49A86700C3A835 /* SwiftulSwiftUIPractice.app */ = {isa = PBXFileReference; explicitFileType = wrapper.application; includeInIndex = 0; path = SwiftulSwiftUIPractice.app; sourceTree = BUILT_PRODUCTS_DIR; };
		CE43796E2C49A86700C3A835 /* SwiftulSwiftUIPracticeApp.swift */ = {isa = PBXFileReference; lastKnownFileType = sourcecode.swift; path = SwiftulSwiftUIPracticeApp.swift; sourceTree = "<group>"; };
		CE4379702C49A86700C3A835 /* ContentView.swift */ = {isa = PBXFileReference; lastKnownFileType = sourcecode.swift; path = ContentView.swift; sourceTree = "<group>"; };
		CE4379722C49A86800C3A835 /* Assets.xcassets */ = {isa = PBXFileReference; lastKnownFileType = folder.assetcatalog; path = Assets.xcassets; sourceTree = "<group>"; };
		CE4379752C49A86800C3A835 /* Preview Assets.xcassets */ = {isa = PBXFileReference; lastKnownFileType = folder.assetcatalog; path = "Preview Assets.xcassets"; sourceTree = "<group>"; };
		CE4379802C49A98D00C3A835 /* ImageLoaderView.swift */ = {isa = PBXFileReference; lastKnownFileType = sourcecode.swift; path = ImageLoaderView.swift; sourceTree = "<group>"; };
		CE4379842C49AA7B00C3A835 /* Constans.swift */ = {isa = PBXFileReference; lastKnownFileType = sourcecode.swift; path = Constans.swift; sourceTree = "<group>"; };
		CE4379862C49AC6700C3A835 /* DataBaseHelper.swift */ = {isa = PBXFileReference; lastKnownFileType = sourcecode.swift; path = DataBaseHelper.swift; sourceTree = "<group>"; };
		CEB3170A2C4D184F001E1471 /* Product.swift */ = {isa = PBXFileReference; lastKnownFileType = sourcecode.swift; path = Product.swift; sourceTree = "<group>"; };
		CEB3170C2C4D186E001E1471 /* User.swift */ = {isa = PBXFileReference; lastKnownFileType = sourcecode.swift; path = User.swift; sourceTree = "<group>"; };
/* End PBXFileReference section */

/* Begin PBXFrameworksBuildPhase section */
		CE4379682C49A86700C3A835 /* Frameworks */ = {
			isa = PBXFrameworksBuildPhase;
			buildActionMask = 2147483647;
			files = (
				CEB317102C4D1CAA001E1471 /* SwiftfulUI in Frameworks */,
				CEB317132C4D1CEB001E1471 /* SwiftfulRouting in Frameworks */,
				CE43797E2C49A95900C3A835 /* SDWebImageSwiftUI in Frameworks */,
			);
			runOnlyForDeploymentPostprocessing = 0;
		};
/* End PBXFrameworksBuildPhase section */

/* Begin PBXGroup section */
		CE4379622C49A86700C3A835 = {
			isa = PBXGroup;
			children = (
				CE43796D2C49A86700C3A835 /* SwiftulSwiftUIPractice */,
				CE43796C2C49A86700C3A835 /* Products */,
			);
			sourceTree = "<group>";
		};
		CE43796C2C49A86700C3A835 /* Products */ = {
			isa = PBXGroup;
			children = (
				CE43796B2C49A86700C3A835 /* SwiftulSwiftUIPractice.app */,
			);
			name = Products;
			sourceTree = "<group>";
		};
		CE43796D2C49A86700C3A835 /* SwiftulSwiftUIPractice */ = {
			isa = PBXGroup;
			children = (
				CE43796E2C49A86700C3A835 /* SwiftulSwiftUIPracticeApp.swift */,
				CE4379702C49A86700C3A835 /* ContentView.swift */,
				CE43797F2C49A97000C3A835 /* Shared */,
				CE4379722C49A86800C3A835 /* Assets.xcassets */,
				CE4379742C49A86800C3A835 /* Preview Content */,
			);
			path = SwiftulSwiftUIPractice;
			sourceTree = "<group>";
		};
		CE4379742C49A86800C3A835 /* Preview Content */ = {
			isa = PBXGroup;
			children = (
				CE4379752C49A86800C3A835 /* Preview Assets.xcassets */,
			);
			path = "Preview Content";
			sourceTree = "<group>";
		};
		CE43797F2C49A97000C3A835 /* Shared */ = {
			isa = PBXGroup;
			children = (
				CE4379802C49A98D00C3A835 /* ImageLoaderView.swift */,
				CE4379842C49AA7B00C3A835 /* Constans.swift */,
				CE4379862C49AC6700C3A835 /* DataBaseHelper.swift */,
				CEB3170A2C4D184F001E1471 /* Product.swift */,
				CEB3170C2C4D186E001E1471 /* User.swift */,
			);
			path = Shared;
			sourceTree = "<group>";
		};
/* End PBXGroup section */

/* Begin PBXNativeTarget section */
		CE43796A2C49A86700C3A835 /* SwiftulSwiftUIPractice */ = {
			isa = PBXNativeTarget;
			buildConfigurationList = CE4379792C49A86800C3A835 /* Build configuration list for PBXNativeTarget "SwiftulSwiftUIPractice" */;
			buildPhases = (
				CE4379672C49A86700C3A835 /* Sources */,
				CE4379682C49A86700C3A835 /* Frameworks */,
				CE4379692C49A86700C3A835 /* Resources */,
			);
			buildRules = (
			);
			dependencies = (
			);
			name = SwiftulSwiftUIPractice;
			packageProductDependencies = (
				CE43797D2C49A95900C3A835 /* SDWebImageSwiftUI */,
				CEB3170F2C4D1CAA001E1471 /* SwiftfulUI */,
				CEB317122C4D1CEB001E1471 /* SwiftfulRouting */,
			);
			productName = SwiftulSwiftUIPractice;
			productReference = CE43796B2C49A86700C3A835 /* SwiftulSwiftUIPractice.app */;
			productType = "com.apple.product-type.application";
		};
/* End PBXNativeTarget section */

/* Begin PBXProject section */
		CE4379632C49A86700C3A835 /* Project object */ = {
			isa = PBXProject;
			attributes = {
				BuildIndependentTargetsInParallel = 1;
				LastSwiftUpdateCheck = 1530;
				LastUpgradeCheck = 1530;
				TargetAttributes = {
					CE43796A2C49A86700C3A835 = {
						CreatedOnToolsVersion = 15.3;
					};
				};
			};
			buildConfigurationList = CE4379662C49A86700C3A835 /* Build configuration list for PBXProject "SwiftulSwiftUIPractice" */;
			compatibilityVersion = "Xcode 14.0";
			developmentRegion = en;
			hasScannedForEncodings = 0;
			knownRegions = (
				en,
				Base,
			);
			mainGroup = CE4379622C49A86700C3A835;
			packageReferences = (
				CE43797C2C49A95900C3A835 /* XCRemoteSwiftPackageReference "SDWebImageSwiftUI" */,
				CEB3170E2C4D1CAA001E1471 /* XCRemoteSwiftPackageReference "SwiftfulUI" */,
				CEB317112C4D1CEB001E1471 /* XCRemoteSwiftPackageReference "SwiftfulRouting" */,
			);
			productRefGroup = CE43796C2C49A86700C3A835 /* Products */;
			projectDirPath = "";
			projectRoot = "";
			targets = (
				CE43796A2C49A86700C3A835 /* SwiftulSwiftUIPractice */,
			);
		};
/* End PBXProject section */

/* Begin PBXResourcesBuildPhase section */
		CE4379692C49A86700C3A835 /* Resources */ = {
			isa = PBXResourcesBuildPhase;
			buildActionMask = 2147483647;
			files = (
				CE4379762C49A86800C3A835 /* Preview Assets.xcassets in Resources */,
				CE4379732C49A86800C3A835 /* Assets.xcassets in Resources */,
			);
			runOnlyForDeploymentPostprocessing = 0;
		};
/* End PBXResourcesBuildPhase section */

/* Begin PBXSourcesBuildPhase section */
		CE4379672C49A86700C3A835 /* Sources */ = {
			isa = PBXSourcesBuildPhase;
			buildActionMask = 2147483647;
			files = (
				CE4379812C49A98D00C3A835 /* ImageLoaderView.swift in Sources */,
				CE4379712C49A86700C3A835 /* ContentView.swift in Sources */,
				CE4379852C49AA7B00C3A835 /* Constans.swift in Sources */,
				CE43796F2C49A86700C3A835 /* SwiftulSwiftUIPracticeApp.swift in Sources */,
				CE4379872C49AC6700C3A835 /* DataBaseHelper.swift in Sources */,
				CEB3170B2C4D184F001E1471 /* Product.swift in Sources */,
				CEB3170D2C4D186E001E1471 /* User.swift in Sources */,
			);
			runOnlyForDeploymentPostprocessing = 0;
		};
/* End PBXSourcesBuildPhase section */

/* Begin XCBuildConfiguration section */
		CE4379772C49A86800C3A835 /* Debug */ = {
			isa = XCBuildConfiguration;
			buildSettings = {
				ALWAYS_SEARCH_USER_PATHS = NO;
				ASSETCATALOG_COMPILER_GENERATE_SWIFT_ASSET_SYMBOL_EXTENSIONS = YES;
				CLANG_ANALYZER_NONNULL = YES;
				CLANG_ANALYZER_NUMBER_OBJECT_CONVERSION = YES_AGGRESSIVE;
				CLANG_CXX_LANGUAGE_STANDARD = "gnu++20";
				CLANG_ENABLE_MODULES = YES;
				CLANG_ENABLE_OBJC_ARC = YES;
				CLANG_ENABLE_OBJC_WEAK = YES;
				CLANG_WARN_BLOCK_CAPTURE_AUTORELEASING = YES;
				CLANG_WARN_BOOL_CONVERSION = YES;
				CLANG_WARN_COMMA = YES;
				CLANG_WARN_CONSTANT_CONVERSION = YES;
				CLANG_WARN_DEPRECATED_OBJC_IMPLEMENTATIONS = YES;
				CLANG_WARN_DIRECT_OBJC_ISA_USAGE = YES_ERROR;
				CLANG_WARN_DOCUMENTATION_COMMENTS = YES;
				CLANG_WARN_EMPTY_BODY = YES;
				CLANG_WARN_ENUM_CONVERSION = YES;
				CLANG_WARN_INFINITE_RECURSION = YES;
				CLANG_WARN_INT_CONVERSION = YES;
				CLANG_WARN_NON_LITERAL_NULL_CONVERSION = YES;
				CLANG_WARN_OBJC_IMPLICIT_RETAIN_SELF = YES;
				CLANG_WARN_OBJC_LITERAL_CONVERSION = YES;
				CLANG_WARN_OBJC_ROOT_CLASS = YES_ERROR;
				CLANG_WARN_QUOTED_INCLUDE_IN_FRAMEWORK_HEADER = YES;
				CLANG_WARN_RANGE_LOOP_ANALYSIS = YES;
				CLANG_WARN_STRICT_PROTOTYPES = YES;
				CLANG_WARN_SUSPICIOUS_MOVE = YES;
				CLANG_WARN_UNGUARDED_AVAILABILITY = YES_AGGRESSIVE;
				CLANG_WARN_UNREACHABLE_CODE = YES;
				CLANG_WARN__DUPLICATE_METHOD_MATCH = YES;
				COPY_PHASE_STRIP = NO;
				DEBUG_INFORMATION_FORMAT = dwarf;
				ENABLE_STRICT_OBJC_MSGSEND = YES;
				ENABLE_TESTABILITY = YES;
				ENABLE_USER_SCRIPT_SANDBOXING = YES;
				GCC_C_LANGUAGE_STANDARD = gnu17;
				GCC_DYNAMIC_NO_PIC = NO;
				GCC_NO_COMMON_BLOCKS = YES;
				GCC_OPTIMIZATION_LEVEL = 0;
				GCC_PREPROCESSOR_DEFINITIONS = (
					"DEBUG=1",
					"$(inherited)",
				);
				GCC_WARN_64_TO_32_BIT_CONVERSION = YES;
				GCC_WARN_ABOUT_RETURN_TYPE = YES_ERROR;
				GCC_WARN_UNDECLARED_SELECTOR = YES;
				GCC_WARN_UNINITIALIZED_AUTOS = YES_AGGRESSIVE;
				GCC_WARN_UNUSED_FUNCTION = YES;
				GCC_WARN_UNUSED_VARIABLE = YES;
				IPHONEOS_DEPLOYMENT_TARGET = 17.4;
				LOCALIZATION_PREFERS_STRING_CATALOGS = YES;
				MTL_ENABLE_DEBUG_INFO = INCLUDE_SOURCE;
				MTL_FAST_MATH = YES;
				ONLY_ACTIVE_ARCH = YES;
				SDKROOT = iphoneos;
				SWIFT_ACTIVE_COMPILATION_CONDITIONS = "DEBUG $(inherited)";
				SWIFT_OPTIMIZATION_LEVEL = "-Onone";
			};
			name = Debug;
		};
		CE4379782C49A86800C3A835 /* Release */ = {
			isa = XCBuildConfiguration;
			buildSettings = {
				ALWAYS_SEARCH_USER_PATHS = NO;
				ASSETCATALOG_COMPILER_GENERATE_SWIFT_ASSET_SYMBOL_EXTENSIONS = YES;
				CLANG_ANALYZER_NONNULL = YES;
				CLANG_ANALYZER_NUMBER_OBJECT_CONVERSION = YES_AGGRESSIVE;
				CLANG_CXX_LANGUAGE_STANDARD = "gnu++20";
				CLANG_ENABLE_MODULES = YES;
				CLANG_ENABLE_OBJC_ARC = YES;
				CLANG_ENABLE_OBJC_WEAK = YES;
				CLANG_WARN_BLOCK_CAPTURE_AUTORELEASING = YES;
				CLANG_WARN_BOOL_CONVERSION = YES;
				CLANG_WARN_COMMA = YES;
				CLANG_WARN_CONSTANT_CONVERSION = YES;
				CLANG_WARN_DEPRECATED_OBJC_IMPLEMENTATIONS = YES;
				CLANG_WARN_DIRECT_OBJC_ISA_USAGE = YES_ERROR;
				CLANG_WARN_DOCUMENTATION_COMMENTS = YES;
				CLANG_WARN_EMPTY_BODY = YES;
				CLANG_WARN_ENUM_CONVERSION = YES;
				CLANG_WARN_INFINITE_RECURSION = YES;
				CLANG_WARN_INT_CONVERSION = YES;
				CLANG_WARN_NON_LITERAL_NULL_CONVERSION = YES;
				CLANG_WARN_OBJC_IMPLICIT_RETAIN_SELF = YES;
				CLANG_WARN_OBJC_LITERAL_CONVERSION = YES;
				CLANG_WARN_OBJC_ROOT_CLASS = YES_ERROR;
				CLANG_WARN_QUOTED_INCLUDE_IN_FRAMEWORK_HEADER = YES;
				CLANG_WARN_RANGE_LOOP_ANALYSIS = YES;
				CLANG_WARN_STRICT_PROTOTYPES = YES;
				CLANG_WARN_SUSPICIOUS_MOVE = YES;
				CLANG_WARN_UNGUARDED_AVAILABILITY = YES_AGGRESSIVE;
				CLANG_WARN_UNREACHABLE_CODE = YES;
				CLANG_WARN__DUPLICATE_METHOD_MATCH = YES;
				COPY_PHASE_STRIP = NO;
				DEBUG_INFORMATION_FORMAT = "dwarf-with-dsym";
				ENABLE_NS_ASSERTIONS = NO;
				ENABLE_STRICT_OBJC_MSGSEND = YES;
				ENABLE_USER_SCRIPT_SANDBOXING = YES;
				GCC_C_LANGUAGE_STANDARD = gnu17;
				GCC_NO_COMMON_BLOCKS = YES;
				GCC_WARN_64_TO_32_BIT_CONVERSION = YES;
				GCC_WARN_ABOUT_RETURN_TYPE = YES_ERROR;
				GCC_WARN_UNDECLARED_SELECTOR = YES;
				GCC_WARN_UNINITIALIZED_AUTOS = YES_AGGRESSIVE;
				GCC_WARN_UNUSED_FUNCTION = YES;
				GCC_WARN_UNUSED_VARIABLE = YES;
				IPHONEOS_DEPLOYMENT_TARGET = 17.4;
				LOCALIZATION_PREFERS_STRING_CATALOGS = YES;
				MTL_ENABLE_DEBUG_INFO = NO;
				MTL_FAST_MATH = YES;
				SDKROOT = iphoneos;
				SWIFT_COMPILATION_MODE = wholemodule;
				VALIDATE_PRODUCT = YES;
			};
			name = Release;
		};
		CE43797A2C49A86800C3A835 /* Debug */ = {
			isa = XCBuildConfiguration;
			buildSettings = {
				ASSETCATALOG_COMPILER_APPICON_NAME = AppIcon;
				ASSETCATALOG_COMPILER_GLOBAL_ACCENT_COLOR_NAME = AccentColor;
				CODE_SIGN_STYLE = Automatic;
				CURRENT_PROJECT_VERSION = 1;
				DEVELOPMENT_ASSET_PATHS = "\"SwiftulSwiftUIPractice/Preview Content\"";
				DEVELOPMENT_TEAM = 56S6D7P45J;
				ENABLE_PREVIEWS = YES;
				GENERATE_INFOPLIST_FILE = YES;
				INFOPLIST_KEY_UIApplicationSceneManifest_Generation = YES;
				INFOPLIST_KEY_UIApplicationSupportsIndirectInputEvents = YES;
				INFOPLIST_KEY_UILaunchScreen_Generation = YES;
				INFOPLIST_KEY_UISupportedInterfaceOrientations_iPad = "UIInterfaceOrientationPortrait UIInterfaceOrientationPortraitUpsideDown UIInterfaceOrientationLandscapeLeft UIInterfaceOrientationLandscapeRight";
				INFOPLIST_KEY_UISupportedInterfaceOrientations_iPhone = "UIInterfaceOrientationPortrait UIInterfaceOrientationLandscapeLeft UIInterfaceOrientationLandscapeRight";
				LD_RUNPATH_SEARCH_PATHS = (
					"$(inherited)",
					"@executable_path/Frameworks",
				);
				MARKETING_VERSION = 1.0;
				PRODUCT_BUNDLE_IDENTIFIER = michael.SwiftulSwiftUIPractice;
				PRODUCT_NAME = "$(TARGET_NAME)";
				SWIFT_EMIT_LOC_STRINGS = YES;
				SWIFT_VERSION = 5.0;
				TARGETED_DEVICE_FAMILY = "1,2";
			};
			name = Debug;
		};
		CE43797B2C49A86800C3A835 /* Release */ = {
			isa = XCBuildConfiguration;
			buildSettings = {
				ASSETCATALOG_COMPILER_APPICON_NAME = AppIcon;
				ASSETCATALOG_COMPILER_GLOBAL_ACCENT_COLOR_NAME = AccentColor;
				CODE_SIGN_STYLE = Automatic;
				CURRENT_PROJECT_VERSION = 1;
				DEVELOPMENT_ASSET_PATHS = "\"SwiftulSwiftUIPractice/Preview Content\"";
				DEVELOPMENT_TEAM = 56S6D7P45J;
				ENABLE_PREVIEWS = YES;
				GENERATE_INFOPLIST_FILE = YES;
				INFOPLIST_KEY_UIApplicationSceneManifest_Generation = YES;
				INFOPLIST_KEY_UIApplicationSupportsIndirectInputEvents = YES;
				INFOPLIST_KEY_UILaunchScreen_Generation = YES;
				INFOPLIST_KEY_UISupportedInterfaceOrientations_iPad = "UIInterfaceOrientationPortrait UIInterfaceOrientationPortraitUpsideDown UIInterfaceOrientationLandscapeLeft UIInterfaceOrientationLandscapeRight";
				INFOPLIST_KEY_UISupportedInterfaceOrientations_iPhone = "UIInterfaceOrientationPortrait UIInterfaceOrientationLandscapeLeft UIInterfaceOrientationLandscapeRight";
				LD_RUNPATH_SEARCH_PATHS = (
					"$(inherited)",
					"@executable_path/Frameworks",
				);
				MARKETING_VERSION = 1.0;
				PRODUCT_BUNDLE_IDENTIFIER = michael.SwiftulSwiftUIPractice;
				PRODUCT_NAME = "$(TARGET_NAME)";
				SWIFT_EMIT_LOC_STRINGS = YES;
				SWIFT_VERSION = 5.0;
				TARGETED_DEVICE_FAMILY = "1,2";
			};
			name = Release;
		};
/* End XCBuildConfiguration section */

/* Begin XCConfigurationList section */
		CE4379662C49A86700C3A835 /* Build configuration list for PBXProject "SwiftulSwiftUIPractice" */ = {
			isa = XCConfigurationList;
			buildConfigurations = (
				CE4379772C49A86800C3A835 /* Debug */,
				CE4379782C49A86800C3A835 /* Release */,
			);
			defaultConfigurationIsVisible = 0;
			defaultConfigurationName = Release;
		};
		CE4379792C49A86800C3A835 /* Build configuration list for PBXNativeTarget "SwiftulSwiftUIPractice" */ = {
			isa = XCConfigurationList;
			buildConfigurations = (
				CE43797A2C49A86800C3A835 /* Debug */,
				CE43797B2C49A86800C3A835 /* Release */,
			);
			defaultConfigurationIsVisible = 0;
			defaultConfigurationName = Release;
		};
/* End XCConfigurationList section */

/* Begin XCRemoteSwiftPackageReference section */
		CE43797C2C49A95900C3A835 /* XCRemoteSwiftPackageReference "SDWebImageSwiftUI" */ = {
			isa = XCRemoteSwiftPackageReference;
			repositoryURL = "https://github.com/SDWebImage/SDWebImageSwiftUI.git";
			requirement = {
				kind = upToNextMajorVersion;
				minimumVersion = 3.1.1;
			};
		};
		CEB3170E2C4D1CAA001E1471 /* XCRemoteSwiftPackageReference "SwiftfulUI" */ = {
			isa = XCRemoteSwiftPackageReference;
			repositoryURL = "https://github.com/SwiftfulThinking/SwiftfulUI.git";
			requirement = {
				kind = upToNextMajorVersion;
				minimumVersion = 1.2.0;
			};
		};
		CEB317112C4D1CEB001E1471 /* XCRemoteSwiftPackageReference "SwiftfulRouting" */ = {
			isa = XCRemoteSwiftPackageReference;
			repositoryURL = "https://github.com/SwiftfulThinking/SwiftfulRouting.git";
			requirement = {
				kind = upToNextMajorVersion;
				minimumVersion = 5.3.5;
			};
		};
/* End XCRemoteSwiftPackageReference section */

/* Begin XCSwiftPackageProductDependency section */
		CE43797D2C49A95900C3A835 /* SDWebImageSwiftUI */ = {
			isa = XCSwiftPackageProductDependency;
			package = CE43797C2C49A95900C3A835 /* XCRemoteSwiftPackageReference "SDWebImageSwiftUI" */;
			productName = SDWebImageSwiftUI;
		};
		CEB3170F2C4D1CAA001E1471 /* SwiftfulUI */ = {
			isa = XCSwiftPackageProductDependency;
			package = CEB3170E2C4D1CAA001E1471 /* XCRemoteSwiftPackageReference "SwiftfulUI" */;
			productName = SwiftfulUI;
		};
		CEB317122C4D1CEB001E1471 /* SwiftfulRouting */ = {
			isa = XCSwiftPackageProductDependency;
			package = CEB317112C4D1CEB001E1471 /* XCRemoteSwiftPackageReference "SwiftfulRouting" */;
			productName = SwiftfulRouting;
		};
/* End XCSwiftPackageProductDependency section */
	};
	rootObject = CE4379632C49A86700C3A835 /* Project object */;
}
